
Microsoft Visual Studio Solution File, Format Version 12.00
# Visual Studio Version 17
VisualStudioVersion = 17.7.34018.315
MinimumVisualStudioVersion = 10.0.40219.1
Project("{FAE04EC0-301F-11D3-BF4B-00C04F79EFBC}") = "AfricanTails", "AfricanTails\AfricanTails.csproj", "{7451DBF2-8862-46D2-AA3E-48C54AA519A9}"
EndProject
Global
	GlobalSection(SolutionConfigurationPlatforms) = preSolution
		Debug|Any CPU = Debug|Any CPU
		Release|Any CPU = Release|Any CPU
	EndGlobalSection
	GlobalSection(ProjectConfigurationPlatforms) = postSolution
		{7451DBF2-8862-46D2-AA3E-48C54AA519A9}.Debug|Any CPU.ActiveCfg = Debug|Any CPU
		{7451DBF2-8862-46D2-AA3E-48C54AA519A9}.Debug|Any CPU.Build.0 = Debug|Any CPU
		{7451DBF2-8862-46D2-AA3E-48C54AA519A9}.Release|Any CPU.ActiveCfg = Release|Any CPU
		{7451DBF2-8862-46D2-AA3E-48C54AA519A9}.Release|Any CPU.Build.0 = Release|Any CPU
	EndGlobalSection
	GlobalSection(SolutionProperties) = preSolution
		HideSolutionNode = FALSE
	EndGlobalSection
	GlobalSection(ExtensibilityGlobals) = postSolution
		SolutionGuid = {E9102A37-4785-415E-92CA-4361039FAAE2}
	EndGlobalSection
EndGlobal
